
Microsoft Visual Studio Solution File, Format Version 12.00
# Visual Studio Version 16
VisualStudioVersion = 16.0.29123.88
MinimumVisualStudioVersion = 10.0.40219.1
Project("{FAE04EC0-301F-11D3-BF4B-00C04F79EFBC}") = "FinalTest2", "FinalTest2.csproj", "{3B27FB11-0BD1-4837-A275-661887191A50}"
EndProject
Project("{FAE04EC0-301F-11D3-BF4B-00C04F79EFBC}") = "FinalTest2Tests", "..\FinalTest2Tests\FinalTest2Tests.csproj", "{2D0497A9-FD13-443F-B46B-6E7768835AF1}"
EndProject
Global
	GlobalSection(SolutionConfigurationPlatforms) = preSolution
		Debug|Any CPU = Debug|Any CPU
		Release|Any CPU = Release|Any CPU
	EndGlobalSection
	GlobalSection(ProjectConfigurationPlatforms) = postSolution
		{3B27FB11-0BD1-4837-A275-661887191A50}.Debug|Any CPU.ActiveCfg = Debug|Any CPU
		{3B27FB11-0BD1-4837-A275-661887191A50}.Debug|Any CPU.Build.0 = Debug|Any CPU
		{3B27FB11-0BD1-4837-A275-661887191A50}.Release|Any CPU.ActiveCfg = Release|Any CPU
		{3B27FB11-0BD1-4837-A275-661887191A50}.Release|Any CPU.Build.0 = Release|Any CPU
		{2D0497A9-FD13-443F-B46B-6E7768835AF1}.Debug|Any CPU.ActiveCfg = Debug|Any CPU
		{2D0497A9-FD13-443F-B46B-6E7768835AF1}.Debug|Any CPU.Build.0 = Debug|Any CPU
		{2D0497A9-FD13-443F-B46B-6E7768835AF1}.Release|Any CPU.ActiveCfg = Release|Any CPU
		{2D0497A9-FD13-443F-B46B-6E7768835AF1}.Release|Any CPU.Build.0 = Release|Any CPU
	EndGlobalSection
	GlobalSection(SolutionProperties) = preSolution
		HideSolutionNode = FALSE
	EndGlobalSection
	GlobalSection(ExtensibilityGlobals) = postSolution
		SolutionGuid = {7BFCDB73-3A53-492B-AD63-5129724E4F99}
	EndGlobalSection
EndGlobal
