
Microsoft Visual Studio Solution File, Format Version 12.00
# Visual Studio Version 16
VisualStudioVersion = 16.0.29123.88
MinimumVisualStudioVersion = 10.0.40219.1
Project("{FAE04EC0-301F-11D3-BF4B-00C04F79EFBC}") = "Task3", "Task3.csproj", "{7DAC2390-C5A2-4548-85FA-EB307DC9088D}"
EndProject
Global
	GlobalSection(SolutionConfigurationPlatforms) = preSolution
		Debug|Any CPU = Debug|Any CPU
		Release|Any CPU = Release|Any CPU
	EndGlobalSection
	GlobalSection(ProjectConfigurationPlatforms) = postSolution
		{7DAC2390-C5A2-4548-85FA-EB307DC9088D}.Debug|Any CPU.ActiveCfg = Debug|Any CPU
		{7DAC2390-C5A2-4548-85FA-EB307DC9088D}.Debug|Any CPU.Build.0 = Debug|Any CPU
		{7DAC2390-C5A2-4548-85FA-EB307DC9088D}.Release|Any CPU.ActiveCfg = Release|Any CPU
		{7DAC2390-C5A2-4548-85FA-EB307DC9088D}.Release|Any CPU.Build.0 = Release|Any CPU
	EndGlobalSection
	GlobalSection(SolutionProperties) = preSolution
		HideSolutionNode = FALSE
	EndGlobalSection
	GlobalSection(ExtensibilityGlobals) = postSolution
		SolutionGuid = {5733A2D8-A041-4437-82EF-C5BC37EB2802}
	EndGlobalSection
EndGlobal
