
Microsoft Visual Studio Solution File, Format Version 12.00
# Visual Studio Version 16
VisualStudioVersion = 16.0.29123.88
MinimumVisualStudioVersion = 10.0.40219.1
Project("{9A19103F-16F7-4668-BE54-9A1E7A4F7556}") = "task2", "task2.csproj", "{154180C9-D773-47D9-9A41-65154571AACC}"
EndProject
Project("{FAE04EC0-301F-11D3-BF4B-00C04F79EFBC}") = "TestsForTask2", "..\TestsForTask2\TestsForTask2.csproj", "{8EFC406B-8BF1-49C8-9570-4BBF0B59C44E}"
EndProject
Global
	GlobalSection(SolutionConfigurationPlatforms) = preSolution
		Debug|Any CPU = Debug|Any CPU
		Release|Any CPU = Release|Any CPU
	EndGlobalSection
	GlobalSection(ProjectConfigurationPlatforms) = postSolution
		{154180C9-D773-47D9-9A41-65154571AACC}.Debug|Any CPU.ActiveCfg = Debug|Any CPU
		{154180C9-D773-47D9-9A41-65154571AACC}.Debug|Any CPU.Build.0 = Debug|Any CPU
		{154180C9-D773-47D9-9A41-65154571AACC}.Release|Any CPU.ActiveCfg = Release|Any CPU
		{154180C9-D773-47D9-9A41-65154571AACC}.Release|Any CPU.Build.0 = Release|Any CPU
		{8EFC406B-8BF1-49C8-9570-4BBF0B59C44E}.Debug|Any CPU.ActiveCfg = Debug|Any CPU
		{8EFC406B-8BF1-49C8-9570-4BBF0B59C44E}.Debug|Any CPU.Build.0 = Debug|Any CPU
		{8EFC406B-8BF1-49C8-9570-4BBF0B59C44E}.Release|Any CPU.ActiveCfg = Release|Any CPU
		{8EFC406B-8BF1-49C8-9570-4BBF0B59C44E}.Release|Any CPU.Build.0 = Release|Any CPU
	EndGlobalSection
	GlobalSection(SolutionProperties) = preSolution
		HideSolutionNode = FALSE
	EndGlobalSection
	GlobalSection(ExtensibilityGlobals) = postSolution
		SolutionGuid = {C037E3FA-67AE-49FB-8F32-1FC4E1C456E3}
	EndGlobalSection
EndGlobal
